
Microsoft Visual Studio Solution File, Format Version 12.00
# Visual Studio Version 16
VisualStudioVersion = 16.0.30413.136
MinimumVisualStudioVersion = 10.0.40219.1
Project("{FAE04EC0-301F-11D3-BF4B-00C04F79EFBC}") = "OrderPizza", "OrderPizza.csproj", "{AD9ACB81-656C-411F-80A0-959EE3399BDE}"
EndProject
Global
	GlobalSection(SolutionConfigurationPlatforms) = preSolution
		Debug|Any CPU = Debug|Any CPU
		Release|Any CPU = Release|Any CPU
	EndGlobalSection
	GlobalSection(ProjectConfigurationPlatforms) = postSolution
		{AD9ACB81-656C-411F-80A0-959EE3399BDE}.Debug|Any CPU.ActiveCfg = Debug|Any CPU
		{AD9ACB81-656C-411F-80A0-959EE3399BDE}.Debug|Any CPU.Build.0 = Debug|Any CPU
		{AD9ACB81-656C-411F-80A0-959EE3399BDE}.Release|Any CPU.ActiveCfg = Release|Any CPU
		{AD9ACB81-656C-411F-80A0-959EE3399BDE}.Release|Any CPU.Build.0 = Release|Any CPU
	EndGlobalSection
	GlobalSection(SolutionProperties) = preSolution
		HideSolutionNode = FALSE
	EndGlobalSection
	GlobalSection(ExtensibilityGlobals) = postSolution
		SolutionGuid = {FC01E1C8-6FAC-46A7-8E34-A9E81729B1FD}
	EndGlobalSection
EndGlobal
